
Microsoft Visual Studio Solution File, Format Version 12.00
# Visual Studio Version 16
VisualStudioVersion = 16.0.29613.14
MinimumVisualStudioVersion = 10.0.40219.1
Project("{9A19103F-16F7-4668-BE54-9A1E7A4F7556}") = "AlgoMeterApp.Domain", "AlgoMeterApp.Domain\AlgoMeterApp.Domain.csproj", "{2BA3DEF6-2474-4E1A-ADFF-AB6EC7BDC61C}"
EndProject
Project("{9A19103F-16F7-4668-BE54-9A1E7A4F7556}") = "AlgoMeterApp.Infrastructure", "AlgoMeterApp.Infrastructure\AlgoMeterApp.Infrastructure.csproj", "{08078410-6302-4479-A4CD-80C4C3AAAB28}"
EndProject
Project("{9A19103F-16F7-4668-BE54-9A1E7A4F7556}") = "AlgoMeterApp.API", "AlgoMeterApp.API\AlgoMeterApp.API.csproj", "{40561768-DA11-40F3-B018-67A06F8F9224}"
EndProject
Project("{FAE04EC0-301F-11D3-BF4B-00C04F79EFBC}") = "AlgoMeterApp.Tests", "AlgoMeterApp.Tests\AlgoMeterApp.Tests.csproj", "{A49BE129-2920-4A15-A316-52FDA206BBEA}"
EndProject
Global
	GlobalSection(SolutionConfigurationPlatforms) = preSolution
		Debug|Any CPU = Debug|Any CPU
		Release|Any CPU = Release|Any CPU
	EndGlobalSection
	GlobalSection(ProjectConfigurationPlatforms) = postSolution
		{2BA3DEF6-2474-4E1A-ADFF-AB6EC7BDC61C}.Debug|Any CPU.ActiveCfg = Debug|Any CPU
		{2BA3DEF6-2474-4E1A-ADFF-AB6EC7BDC61C}.Debug|Any CPU.Build.0 = Debug|Any CPU
		{2BA3DEF6-2474-4E1A-ADFF-AB6EC7BDC61C}.Release|Any CPU.ActiveCfg = Release|Any CPU
		{2BA3DEF6-2474-4E1A-ADFF-AB6EC7BDC61C}.Release|Any CPU.Build.0 = Release|Any CPU
		{08078410-6302-4479-A4CD-80C4C3AAAB28}.Debug|Any CPU.ActiveCfg = Debug|Any CPU
		{08078410-6302-4479-A4CD-80C4C3AAAB28}.Debug|Any CPU.Build.0 = Debug|Any CPU
		{08078410-6302-4479-A4CD-80C4C3AAAB28}.Release|Any CPU.ActiveCfg = Release|Any CPU
		{08078410-6302-4479-A4CD-80C4C3AAAB28}.Release|Any CPU.Build.0 = Release|Any CPU
		{40561768-DA11-40F3-B018-67A06F8F9224}.Debug|Any CPU.ActiveCfg = Debug|Any CPU
		{40561768-DA11-40F3-B018-67A06F8F9224}.Debug|Any CPU.Build.0 = Debug|Any CPU
		{40561768-DA11-40F3-B018-67A06F8F9224}.Release|Any CPU.ActiveCfg = Release|Any CPU
		{40561768-DA11-40F3-B018-67A06F8F9224}.Release|Any CPU.Build.0 = Release|Any CPU
		{A49BE129-2920-4A15-A316-52FDA206BBEA}.Debug|Any CPU.ActiveCfg = Debug|Any CPU
		{A49BE129-2920-4A15-A316-52FDA206BBEA}.Debug|Any CPU.Build.0 = Debug|Any CPU
		{A49BE129-2920-4A15-A316-52FDA206BBEA}.Release|Any CPU.ActiveCfg = Release|Any CPU
		{A49BE129-2920-4A15-A316-52FDA206BBEA}.Release|Any CPU.Build.0 = Release|Any CPU
	EndGlobalSection
	GlobalSection(SolutionProperties) = preSolution
		HideSolutionNode = FALSE
	EndGlobalSection
	GlobalSection(ExtensibilityGlobals) = postSolution
		SolutionGuid = {B48DE838-763C-4549-A932-8751F9F2292C}
	EndGlobalSection
EndGlobal
